
Microsoft Visual Studio Solution File, Format Version 12.00
# Visual Studio Version 17
VisualStudioVersion = 17.12.35527.113
MinimumVisualStudioVersion = 10.0.40219.1
Project("{FAE04EC0-301F-11D3-BF4B-00C04F79EFBC}") = "GGXXACPROverlay", "GGXXACPROverlay\GGXXACPROverlay.csproj", "{82E46094-1922-4593-9ED8-F4DB1A3E0A98}"
EndProject
Project("{FAE04EC0-301F-11D3-BF4B-00C04F79EFBC}") = "GGXXACPRInjector", "GGXXACPRInjector\GGXXACPRInjector.csproj", "{E8435CCC-1B9C-40CD-998B-F9F230D87AE1}"
	ProjectSection(ProjectDependencies) = postProject
		{82E46094-1922-4593-9ED8-F4DB1A3E0A98} = {82E46094-1922-4593-9ED8-F4DB1A3E0A98}
		{DE1A25BA-1C87-4E93-A2F6-2CBB57110C6A} = {DE1A25BA-1C87-4E93-A2F6-2CBB57110C6A}
	EndProjectSection
EndProject
Project("{2150E333-8FDC-42A3-9474-1A3956D46DE8}") = "Solution Items", "Solution Items", "{BA10FEFE-8289-49D5-BEFA-A2D04A044395}"
	ProjectSection(SolutionItems) = preProject
		.editorconfig = .editorconfig
	EndProjectSection
EndProject
Project("{8BC9CEB8-8B4A-11D0-8D11-00A0C91BC942}") = "GGXXACPROverlay.Bootstrapper", "GGXXACPROverlay.Bootstrapper\GGXXACPROverlay.Bootstrapper.vcxproj", "{DE1A25BA-1C87-4E93-A2F6-2CBB57110C6A}"
	ProjectSection(ProjectDependencies) = postProject
		{82E46094-1922-4593-9ED8-F4DB1A3E0A98} = {82E46094-1922-4593-9ED8-F4DB1A3E0A98}
	EndProjectSection
EndProject
Global
	GlobalSection(SolutionConfigurationPlatforms) = preSolution
		Debug|x86 = Debug|x86
		Release|x86 = Release|x86
	EndGlobalSection
	GlobalSection(ProjectConfigurationPlatforms) = postSolution
		{82E46094-1922-4593-9ED8-F4DB1A3E0A98}.Debug|x86.ActiveCfg = Debug|x86
		{82E46094-1922-4593-9ED8-F4DB1A3E0A98}.Debug|x86.Build.0 = Debug|x86
		{82E46094-1922-4593-9ED8-F4DB1A3E0A98}.Release|x86.ActiveCfg = Release|x86
		{82E46094-1922-4593-9ED8-F4DB1A3E0A98}.Release|x86.Build.0 = Release|x86
		{E8435CCC-1B9C-40CD-998B-F9F230D87AE1}.Debug|x86.ActiveCfg = Debug|x86
		{E8435CCC-1B9C-40CD-998B-F9F230D87AE1}.Debug|x86.Build.0 = Debug|x86
		{E8435CCC-1B9C-40CD-998B-F9F230D87AE1}.Release|x86.ActiveCfg = Release|x86
		{E8435CCC-1B9C-40CD-998B-F9F230D87AE1}.Release|x86.Build.0 = Release|x86
		{DE1A25BA-1C87-4E93-A2F6-2CBB57110C6A}.Debug|x86.ActiveCfg = Debug|Win32
		{DE1A25BA-1C87-4E93-A2F6-2CBB57110C6A}.Debug|x86.Build.0 = Debug|Win32
		{DE1A25BA-1C87-4E93-A2F6-2CBB57110C6A}.Release|x86.ActiveCfg = Release|Win32
		{DE1A25BA-1C87-4E93-A2F6-2CBB57110C6A}.Release|x86.Build.0 = Release|Win32
	EndGlobalSection
	GlobalSection(SolutionProperties) = preSolution
		HideSolutionNode = FALSE
	EndGlobalSection
	GlobalSection(ExtensibilityGlobals) = postSolution
		SolutionGuid = {8EF85834-C6DF-46A8-984C-59C2E40645E1}
	EndGlobalSection
EndGlobal
